
Microsoft Visual Studio Solution File, Format Version 12.00
# Visual Studio 15
Project("{FAE04EC0-301F-11D3-BF4B-00C04F79EFBC}") = "UnityEngine.UI", "UnityEngine.UI.csproj", "{C8B16277-4B22-8BBE-A5C4-AB80D68E8539}"
EndProject
Project("{FAE04EC0-301F-11D3-BF4B-00C04F79EFBC}") = "UnityEngine.TestRunner", "UnityEngine.TestRunner.csproj", "{C4ABA726-1777-8543-AFE9-AE46EA377A67}"
EndProject
Project("{FAE04EC0-301F-11D3-BF4B-00C04F79EFBC}") = "Assembly-CSharp", "Assembly-CSharp.csproj", "{FADE6896-39B5-E00A-CB0B-59DF97FBCA52}"
EndProject
Project("{FAE04EC0-301F-11D3-BF4B-00C04F79EFBC}") = "Unity.TextMeshPro", "Unity.TextMeshPro.csproj", "{DE2D3982-57A5-ABB8-E026-DB7C67439A00}"
EndProject
Project("{FAE04EC0-301F-11D3-BF4B-00C04F79EFBC}") = "Unity.Timeline", "Unity.Timeline.csproj", "{B0A2CA52-D366-61E4-C5EE-F3C68C6B36F4}"
EndProject
Project("{FAE04EC0-301F-11D3-BF4B-00C04F79EFBC}") = "Obi", "Obi.csproj", "{586E04CC-C7B7-51AD-313F-1D7C225AA7F9}"
EndProject
Project("{FAE04EC0-301F-11D3-BF4B-00C04F79EFBC}") = "UnityEditor.TestRunner", "UnityEditor.TestRunner.csproj", "{E6F2EA1A-EAF9-8C94-BF13-73A1F22FE762}"
EndProject
Project("{FAE04EC0-301F-11D3-BF4B-00C04F79EFBC}") = "Unity.TextMeshPro.Editor", "Unity.TextMeshPro.Editor.csproj", "{44702000-51F0-9FD7-8B61-3C0ABD712821}"
EndProject
Project("{FAE04EC0-301F-11D3-BF4B-00C04F79EFBC}") = "Unity.Timeline.Editor", "Unity.Timeline.Editor.csproj", "{E921521D-A9D7-3FD8-4494-70D52AE73A0C}"
EndProject
Project("{FAE04EC0-301F-11D3-BF4B-00C04F79EFBC}") = "UnityEditor.UI", "UnityEditor.UI.csproj", "{78CBCC90-0BC8-726E-A6F9-A425ACD7BFA0}"
EndProject
Project("{FAE04EC0-301F-11D3-BF4B-00C04F79EFBC}") = "Unity.Rider.Editor", "Unity.Rider.Editor.csproj", "{184BBD54-A268-3A67-183B-C3EE3E3F5124}"
EndProject
Project("{FAE04EC0-301F-11D3-BF4B-00C04F79EFBC}") = "Assembly-CSharp-Editor", "Assembly-CSharp-Editor.csproj", "{CFF6EE35-07A0-E3D6-F44A-40C21691490D}"
EndProject
Project("{FAE04EC0-301F-11D3-BF4B-00C04F79EFBC}") = "Unity.CollabProxy.Editor", "Unity.CollabProxy.Editor.csproj", "{6E4D599C-03F5-7ED3-8497-AC1124F452AA}"
EndProject
Project("{FAE04EC0-301F-11D3-BF4B-00C04F79EFBC}") = "Unity.VSCode.Editor", "Unity.VSCode.Editor.csproj", "{DA9A32C6-6024-8E95-C5AA-543B45F8B5A0}"
EndProject
Global
	GlobalSection(SolutionConfigurationPlatforms) = preSolution
		Debug|Any CPU = Debug|Any CPU
		Release|Any CPU = Release|Any CPU
	EndGlobalSection
	GlobalSection(ProjectConfigurationPlatforms) = postSolution
		{C8B16277-4B22-8BBE-A5C4-AB80D68E8539}.Debug|Any CPU.ActiveCfg = Debug|Any CPU
		{C8B16277-4B22-8BBE-A5C4-AB80D68E8539}.Debug|Any CPU.Build.0 = Debug|Any CPU
		{C8B16277-4B22-8BBE-A5C4-AB80D68E8539}.Release|Any CPU.ActiveCfg = Release|Any CPU
		{C8B16277-4B22-8BBE-A5C4-AB80D68E8539}.Release|Any CPU.Build.0 = Release|Any CPU
		{C4ABA726-1777-8543-AFE9-AE46EA377A67}.Debug|Any CPU.ActiveCfg = Debug|Any CPU
		{C4ABA726-1777-8543-AFE9-AE46EA377A67}.Debug|Any CPU.Build.0 = Debug|Any CPU
		{C4ABA726-1777-8543-AFE9-AE46EA377A67}.Release|Any CPU.ActiveCfg = Release|Any CPU
		{C4ABA726-1777-8543-AFE9-AE46EA377A67}.Release|Any CPU.Build.0 = Release|Any CPU
		{FADE6896-39B5-E00A-CB0B-59DF97FBCA52}.Debug|Any CPU.ActiveCfg = Debug|Any CPU
		{FADE6896-39B5-E00A-CB0B-59DF97FBCA52}.Debug|Any CPU.Build.0 = Debug|Any CPU
		{FADE6896-39B5-E00A-CB0B-59DF97FBCA52}.Release|Any CPU.ActiveCfg = Release|Any CPU
		{FADE6896-39B5-E00A-CB0B-59DF97FBCA52}.Release|Any CPU.Build.0 = Release|Any CPU
		{DE2D3982-57A5-ABB8-E026-DB7C67439A00}.Debug|Any CPU.ActiveCfg = Debug|Any CPU
		{DE2D3982-57A5-ABB8-E026-DB7C67439A00}.Debug|Any CPU.Build.0 = Debug|Any CPU
		{DE2D3982-57A5-ABB8-E026-DB7C67439A00}.Release|Any CPU.ActiveCfg = Release|Any CPU
		{DE2D3982-57A5-ABB8-E026-DB7C67439A00}.Release|Any CPU.Build.0 = Release|Any CPU
		{B0A2CA52-D366-61E4-C5EE-F3C68C6B36F4}.Debug|Any CPU.ActiveCfg = Debug|Any CPU
		{B0A2CA52-D366-61E4-C5EE-F3C68C6B36F4}.Debug|Any CPU.Build.0 = Debug|Any CPU
		{B0A2CA52-D366-61E4-C5EE-F3C68C6B36F4}.Release|Any CPU.ActiveCfg = Release|Any CPU
		{B0A2CA52-D366-61E4-C5EE-F3C68C6B36F4}.Release|Any CPU.Build.0 = Release|Any CPU
		{586E04CC-C7B7-51AD-313F-1D7C225AA7F9}.Debug|Any CPU.ActiveCfg = Debug|Any CPU
		{586E04CC-C7B7-51AD-313F-1D7C225AA7F9}.Debug|Any CPU.Build.0 = Debug|Any CPU
		{586E04CC-C7B7-51AD-313F-1D7C225AA7F9}.Release|Any CPU.ActiveCfg = Release|Any CPU
		{586E04CC-C7B7-51AD-313F-1D7C225AA7F9}.Release|Any CPU.Build.0 = Release|Any CPU
		{E6F2EA1A-EAF9-8C94-BF13-73A1F22FE762}.Debug|Any CPU.ActiveCfg = Debug|Any CPU
		{E6F2EA1A-EAF9-8C94-BF13-73A1F22FE762}.Debug|Any CPU.Build.0 = Debug|Any CPU
		{E6F2EA1A-EAF9-8C94-BF13-73A1F22FE762}.Release|Any CPU.ActiveCfg = Release|Any CPU
		{E6F2EA1A-EAF9-8C94-BF13-73A1F22FE762}.Release|Any CPU.Build.0 = Release|Any CPU
		{44702000-51F0-9FD7-8B61-3C0ABD712821}.Debug|Any CPU.ActiveCfg = Debug|Any CPU
		{44702000-51F0-9FD7-8B61-3C0ABD712821}.Debug|Any CPU.Build.0 = Debug|Any CPU
		{44702000-51F0-9FD7-8B61-3C0ABD712821}.Release|Any CPU.ActiveCfg = Release|Any CPU
		{44702000-51F0-9FD7-8B61-3C0ABD712821}.Release|Any CPU.Build.0 = Release|Any CPU
		{E921521D-A9D7-3FD8-4494-70D52AE73A0C}.Debug|Any CPU.ActiveCfg = Debug|Any CPU
		{E921521D-A9D7-3FD8-4494-70D52AE73A0C}.Debug|Any CPU.Build.0 = Debug|Any CPU
		{E921521D-A9D7-3FD8-4494-70D52AE73A0C}.Release|Any CPU.ActiveCfg = Release|Any CPU
		{E921521D-A9D7-3FD8-4494-70D52AE73A0C}.Release|Any CPU.Build.0 = Release|Any CPU
		{78CBCC90-0BC8-726E-A6F9-A425ACD7BFA0}.Debug|Any CPU.ActiveCfg = Debug|Any CPU
		{78CBCC90-0BC8-726E-A6F9-A425ACD7BFA0}.Debug|Any CPU.Build.0 = Debug|Any CPU
		{78CBCC90-0BC8-726E-A6F9-A425ACD7BFA0}.Release|Any CPU.ActiveCfg = Release|Any CPU
		{78CBCC90-0BC8-726E-A6F9-A425ACD7BFA0}.Release|Any CPU.Build.0 = Release|Any CPU
		{184BBD54-A268-3A67-183B-C3EE3E3F5124}.Debug|Any CPU.ActiveCfg = Debug|Any CPU
		{184BBD54-A268-3A67-183B-C3EE3E3F5124}.Debug|Any CPU.Build.0 = Debug|Any CPU
		{184BBD54-A268-3A67-183B-C3EE3E3F5124}.Release|Any CPU.ActiveCfg = Release|Any CPU
		{184BBD54-A268-3A67-183B-C3EE3E3F5124}.Release|Any CPU.Build.0 = Release|Any CPU
		{CFF6EE35-07A0-E3D6-F44A-40C21691490D}.Debug|Any CPU.ActiveCfg = Debug|Any CPU
		{CFF6EE35-07A0-E3D6-F44A-40C21691490D}.Debug|Any CPU.Build.0 = Debug|Any CPU
		{CFF6EE35-07A0-E3D6-F44A-40C21691490D}.Release|Any CPU.ActiveCfg = Release|Any CPU
		{CFF6EE35-07A0-E3D6-F44A-40C21691490D}.Release|Any CPU.Build.0 = Release|Any CPU
		{6E4D599C-03F5-7ED3-8497-AC1124F452AA}.Debug|Any CPU.ActiveCfg = Debug|Any CPU
		{6E4D599C-03F5-7ED3-8497-AC1124F452AA}.Debug|Any CPU.Build.0 = Debug|Any CPU
		{6E4D599C-03F5-7ED3-8497-AC1124F452AA}.Release|Any CPU.ActiveCfg = Release|Any CPU
		{6E4D599C-03F5-7ED3-8497-AC1124F452AA}.Release|Any CPU.Build.0 = Release|Any CPU
		{DA9A32C6-6024-8E95-C5AA-543B45F8B5A0}.Debug|Any CPU.ActiveCfg = Debug|Any CPU
		{DA9A32C6-6024-8E95-C5AA-543B45F8B5A0}.Debug|Any CPU.Build.0 = Debug|Any CPU
		{DA9A32C6-6024-8E95-C5AA-543B45F8B5A0}.Release|Any CPU.ActiveCfg = Release|Any CPU
		{DA9A32C6-6024-8E95-C5AA-543B45F8B5A0}.Release|Any CPU.Build.0 = Release|Any CPU
	EndGlobalSection
	GlobalSection(SolutionProperties) = preSolution
		HideSolutionNode = FALSE
	EndGlobalSection
EndGlobal
